
Microsoft Visual Studio Solution File, Format Version 12.00
# Visual Studio Version 17
VisualStudioVersion = 17.2.32602.215
MinimumVisualStudioVersion = 10.0.40219.1
Project("{FAE04EC0-301F-11D3-BF4B-00C04F79EFBC}") = "Joining Data", "Joining Data\Joining Data.csproj", "{3E2F7446-F580-464E-B508-422760150438}"
EndProject
Global
	GlobalSection(SolutionConfigurationPlatforms) = preSolution
		Debug|Any CPU = Debug|Any CPU
		Release|Any CPU = Release|Any CPU
	EndGlobalSection
	GlobalSection(ProjectConfigurationPlatforms) = postSolution
		{3E2F7446-F580-464E-B508-422760150438}.Debug|Any CPU.ActiveCfg = Debug|Any CPU
		{3E2F7446-F580-464E-B508-422760150438}.Debug|Any CPU.Build.0 = Debug|Any CPU
		{3E2F7446-F580-464E-B508-422760150438}.Release|Any CPU.ActiveCfg = Release|Any CPU
		{3E2F7446-F580-464E-B508-422760150438}.Release|Any CPU.Build.0 = Release|Any CPU
	EndGlobalSection
	GlobalSection(SolutionProperties) = preSolution
		HideSolutionNode = FALSE
	EndGlobalSection
	GlobalSection(ExtensibilityGlobals) = postSolution
		SolutionGuid = {4998BBB8-34CC-48F8-B509-D99BD8EFC60C}
	EndGlobalSection
EndGlobal
